
Microsoft Visual Studio Solution File, Format Version 12.00
# Visual Studio 15
Project("{FAE04EC0-301F-11D3-BF4B-00C04F79EFBC}") = "Assembly-CSharp", "Assembly-CSharp.csproj", "{024F281E-0828-86DA-24DE-BA5DF195C86D}"
EndProject
Project("{FAE04EC0-301F-11D3-BF4B-00C04F79EFBC}") = "Assembly-CSharp-Editor", "Assembly-CSharp-Editor.csproj", "{6D6B786F-C6C6-7158-035F-F270101C2776}"
EndProject
Global
	GlobalSection(SolutionConfigurationPlatforms) = preSolution
		Debug|Any CPU = Debug|Any CPU
		Release|Any CPU = Release|Any CPU
	EndGlobalSection
	GlobalSection(ProjectConfigurationPlatforms) = postSolution
		{024F281E-0828-86DA-24DE-BA5DF195C86D}.Debug|Any CPU.ActiveCfg = Debug|Any CPU
		{024F281E-0828-86DA-24DE-BA5DF195C86D}.Debug|Any CPU.Build.0 = Debug|Any CPU
		{024F281E-0828-86DA-24DE-BA5DF195C86D}.Release|Any CPU.ActiveCfg = Release|Any CPU
		{024F281E-0828-86DA-24DE-BA5DF195C86D}.Release|Any CPU.Build.0 = Release|Any CPU
		{6D6B786F-C6C6-7158-035F-F270101C2776}.Debug|Any CPU.ActiveCfg = Debug|Any CPU
		{6D6B786F-C6C6-7158-035F-F270101C2776}.Debug|Any CPU.Build.0 = Debug|Any CPU
		{6D6B786F-C6C6-7158-035F-F270101C2776}.Release|Any CPU.ActiveCfg = Release|Any CPU
		{6D6B786F-C6C6-7158-035F-F270101C2776}.Release|Any CPU.Build.0 = Release|Any CPU
	EndGlobalSection
	GlobalSection(SolutionProperties) = preSolution
		HideSolutionNode = FALSE
	EndGlobalSection
EndGlobal
